
Microsoft Visual Studio Solution File, Format Version 12.00
# Visual Studio Version 17
VisualStudioVersion = 17.4.33110.190
MinimumVisualStudioVersion = 10.0.40219.1
Project("{FAE04EC0-301F-11D3-BF4B-00C04F79EFBC}") = "FinanceTracker", "FinanceTracker\FinanceTracker.csproj", "{6AC8C211-3C9B-498F-A8D2-A328E4B82B1E}"
EndProject
Global
	GlobalSection(SolutionConfigurationPlatforms) = preSolution
		Debug|Any CPU = Debug|Any CPU
		Release|Any CPU = Release|Any CPU
	EndGlobalSection
	GlobalSection(ProjectConfigurationPlatforms) = postSolution
		{6AC8C211-3C9B-498F-A8D2-A328E4B82B1E}.Debug|Any CPU.ActiveCfg = Debug|Any CPU
		{6AC8C211-3C9B-498F-A8D2-A328E4B82B1E}.Debug|Any CPU.Build.0 = Debug|Any CPU
		{6AC8C211-3C9B-498F-A8D2-A328E4B82B1E}.Release|Any CPU.ActiveCfg = Release|Any CPU
		{6AC8C211-3C9B-498F-A8D2-A328E4B82B1E}.Release|Any CPU.Build.0 = Release|Any CPU
	EndGlobalSection
	GlobalSection(SolutionProperties) = preSolution
		HideSolutionNode = FALSE
	EndGlobalSection
	GlobalSection(ExtensibilityGlobals) = postSolution
		SolutionGuid = {896912B6-5CE0-43AB-ADBC-F7E31161C6B3}
	EndGlobalSection
EndGlobal
